// !$*UTF8*$!
{
	archiveVersion = 1;
	classes = {
	};
	objectVersion = 50;
	objects = {

/* Begin PBXBuildFile section */
		013CA0AD23FF6DA9007B3F6F /* X01GameTypeSelectionView.swift in Sources */ = {isa = PBXBuildFile; fileRef = 013CA0AC23FF6DA9007B3F6F /* X01GameTypeSelectionView.swift */; };
		015E0F1E241711F6009A288C /* SimpleButtonView.swift in Sources */ = {isa = PBXBuildFile; fileRef = 015E0F1D241711F6009A288C /* SimpleButtonView.swift */; };
		0171D13D23E727C00057705D /* AppDelegate.swift in Sources */ = {isa = PBXBuildFile; fileRef = 0171D13C23E727C00057705D /* AppDelegate.swift */; };
		0171D13F23E727C00057705D /* SceneDelegate.swift in Sources */ = {isa = PBXBuildFile; fileRef = 0171D13E23E727C00057705D /* SceneDelegate.swift */; };
		0171D14123E727C00057705D /* ContentView.swift in Sources */ = {isa = PBXBuildFile; fileRef = 0171D14023E727C00057705D /* ContentView.swift */; };
		0171D14323E727C20057705D /* Assets.xcassets in Resources */ = {isa = PBXBuildFile; fileRef = 0171D14223E727C20057705D /* Assets.xcassets */; };
		0171D14623E727C20057705D /* Preview Assets.xcassets in Resources */ = {isa = PBXBuildFile; fileRef = 0171D14523E727C20057705D /* Preview Assets.xcassets */; };
		0171D14923E727C20057705D /* LaunchScreen.storyboard in Resources */ = {isa = PBXBuildFile; fileRef = 0171D14723E727C20057705D /* LaunchScreen.storyboard */; };
		01C63F3523EE595C00E078B8 /* icons8-goal-64.png in Resources */ = {isa = PBXBuildFile; fileRef = 01C63F3423EE595C00E078B8 /* icons8-goal-64.png */; };
		01C67BED23EF3BB9007D8111 /* ButtonView.swift in Sources */ = {isa = PBXBuildFile; fileRef = 01C67BEC23EF3BB9007D8111 /* ButtonView.swift */; };
		01C67BEF23EF3C1F007D8111 /* ButtonGrid.swift in Sources */ = {isa = PBXBuildFile; fileRef = 01C67BEE23EF3C1F007D8111 /* ButtonGrid.swift */; };
		01D0080123EF87B8000B6F4D /* X01GameView.swift in Sources */ = {isa = PBXBuildFile; fileRef = 01D0080023EF87B8000B6F4D /* X01GameView.swift */; };
		01D856592447D633007C2E01 /* X01GameViewModel.swift in Sources */ = {isa = PBXBuildFile; fileRef = 01D856582447D633007C2E01 /* X01GameViewModel.swift */; };
		01D8565B2447DB01007C2E01 /* PlayerScoreView.swift in Sources */ = {isa = PBXBuildFile; fileRef = 01D8565A2447DB01007C2E01 /* PlayerScoreView.swift */; };
		01D8565D2447DB33007C2E01 /* X01ScoreBoardView.swift in Sources */ = {isa = PBXBuildFile; fileRef = 01D8565C2447DB33007C2E01 /* X01ScoreBoardView.swift */; };
		01FB3EC82405EE3900AB89C7 /* MainView.swift in Sources */ = {isa = PBXBuildFile; fileRef = 01FB3EC72405EE3900AB89C7 /* MainView.swift */; };
		6D1F4E0624089F0C00EECDEF /* Users.swift in Sources */ = {isa = PBXBuildFile; fileRef = 6D1F4E0524089F0C00EECDEF /* Users.swift */; };
		6D1F4E0824089F1400EECDEF /* DartThrow.swift in Sources */ = {isa = PBXBuildFile; fileRef = 6D1F4E0724089F1300EECDEF /* DartThrow.swift */; };
		6D1F4E0A24089F1900EECDEF /* HTTP_API.swift in Sources */ = {isa = PBXBuildFile; fileRef = 6D1F4E0924089F1900EECDEF /* HTTP_API.swift */; };
/* End PBXBuildFile section */

/* Begin PBXFileReference section */
		013CA0AC23FF6DA9007B3F6F /* X01GameTypeSelectionView.swift */ = {isa = PBXFileReference; lastKnownFileType = sourcecode.swift; path = X01GameTypeSelectionView.swift; sourceTree = "<group>"; };
		015E0F1D241711F6009A288C /* SimpleButtonView.swift */ = {isa = PBXFileReference; lastKnownFileType = sourcecode.swift; path = SimpleButtonView.swift; sourceTree = "<group>"; };
		0171D13923E727C00057705D /* PinkLadyDarts.app */ = {isa = PBXFileReference; explicitFileType = wrapper.application; includeInIndex = 0; path = PinkLadyDarts.app; sourceTree = BUILT_PRODUCTS_DIR; };
		0171D13C23E727C00057705D /* AppDelegate.swift */ = {isa = PBXFileReference; lastKnownFileType = sourcecode.swift; path = AppDelegate.swift; sourceTree = "<group>"; };
		0171D13E23E727C00057705D /* SceneDelegate.swift */ = {isa = PBXFileReference; lastKnownFileType = sourcecode.swift; path = SceneDelegate.swift; sourceTree = "<group>"; };
		0171D14023E727C00057705D /* ContentView.swift */ = {isa = PBXFileReference; lastKnownFileType = sourcecode.swift; path = ContentView.swift; sourceTree = "<group>"; };
		0171D14223E727C20057705D /* Assets.xcassets */ = {isa = PBXFileReference; lastKnownFileType = folder.assetcatalog; path = Assets.xcassets; sourceTree = "<group>"; };
		0171D14523E727C20057705D /* Preview Assets.xcassets */ = {isa = PBXFileReference; lastKnownFileType = folder.assetcatalog; path = "Preview Assets.xcassets"; sourceTree = "<group>"; };
		0171D14823E727C20057705D /* Base */ = {isa = PBXFileReference; lastKnownFileType = file.storyboard; name = Base; path = Base.lproj/LaunchScreen.storyboard; sourceTree = "<group>"; };
		0171D14A23E727C20057705D /* Info.plist */ = {isa = PBXFileReference; lastKnownFileType = text.plist.xml; path = Info.plist; sourceTree = "<group>"; };
		01C63F3423EE595C00E078B8 /* icons8-goal-64.png */ = {isa = PBXFileReference; lastKnownFileType = image.png; path = "icons8-goal-64.png"; sourceTree = "<group>"; };
		01C67BEC23EF3BB9007D8111 /* ButtonView.swift */ = {isa = PBXFileReference; lastKnownFileType = sourcecode.swift; path = ButtonView.swift; sourceTree = "<group>"; };
		01C67BEE23EF3C1F007D8111 /* ButtonGrid.swift */ = {isa = PBXFileReference; lastKnownFileType = sourcecode.swift; path = ButtonGrid.swift; sourceTree = "<group>"; };
		01D0080023EF87B8000B6F4D /* X01GameView.swift */ = {isa = PBXFileReference; lastKnownFileType = sourcecode.swift; path = X01GameView.swift; sourceTree = "<group>"; };
		01D856582447D633007C2E01 /* X01GameViewModel.swift */ = {isa = PBXFileReference; lastKnownFileType = sourcecode.swift; path = X01GameViewModel.swift; sourceTree = "<group>"; };
		01D8565A2447DB01007C2E01 /* PlayerScoreView.swift */ = {isa = PBXFileReference; lastKnownFileType = sourcecode.swift; path = PlayerScoreView.swift; sourceTree = "<group>"; };
		01D8565C2447DB33007C2E01 /* X01ScoreBoardView.swift */ = {isa = PBXFileReference; lastKnownFileType = sourcecode.swift; path = X01ScoreBoardView.swift; sourceTree = "<group>"; };
		01FB3EC72405EE3900AB89C7 /* MainView.swift */ = {isa = PBXFileReference; lastKnownFileType = sourcecode.swift; path = MainView.swift; sourceTree = "<group>"; };
		6D1F4E0524089F0C00EECDEF /* Users.swift */ = {isa = PBXFileReference; fileEncoding = 4; lastKnownFileType = sourcecode.swift; path = Users.swift; sourceTree = "<group>"; };
		6D1F4E0724089F1300EECDEF /* DartThrow.swift */ = {isa = PBXFileReference; fileEncoding = 4; lastKnownFileType = sourcecode.swift; path = DartThrow.swift; sourceTree = "<group>"; };
		6D1F4E0924089F1900EECDEF /* HTTP_API.swift */ = {isa = PBXFileReference; fileEncoding = 4; lastKnownFileType = sourcecode.swift; path = HTTP_API.swift; sourceTree = "<group>"; };
/* End PBXFileReference section */

/* Begin PBXFrameworksBuildPhase section */
		0171D13623E727C00057705D /* Frameworks */ = {
			isa = PBXFrameworksBuildPhase;
			buildActionMask = 2147483647;
			files = (
			);
			runOnlyForDeploymentPostprocessing = 0;
		};
/* End PBXFrameworksBuildPhase section */

/* Begin PBXGroup section */
		013CA0A923FF61A5007B3F6F /* Buttons */ = {
			isa = PBXGroup;
			children = (
				01C67BEC23EF3BB9007D8111 /* ButtonView.swift */,
				01C67BEE23EF3C1F007D8111 /* ButtonGrid.swift */,
				015E0F1D241711F6009A288C /* SimpleButtonView.swift */,
			);
			path = Buttons;
			sourceTree = "<group>";
		};
		0171D13023E727C00057705D = {
			isa = PBXGroup;
			children = (
				0171D13B23E727C00057705D /* PinkLadyDarts */,
				0171D13A23E727C00057705D /* Products */,
			);
			sourceTree = "<group>";
		};
		0171D13A23E727C00057705D /* Products */ = {
			isa = PBXGroup;
			children = (
				0171D13923E727C00057705D /* PinkLadyDarts.app */,
			);
			name = Products;
			sourceTree = "<group>";
		};
		0171D13B23E727C00057705D /* PinkLadyDarts */ = {
			isa = PBXGroup;
			children = (
				6D4D93532410946600BEB0AE /* API */,
				0171D13C23E727C00057705D /* AppDelegate.swift */,
				0171D13E23E727C00057705D /* SceneDelegate.swift */,
				019584F42405F9BD00D5B43E /* Views */,
				0171D14223E727C20057705D /* Assets.xcassets */,
				0171D14723E727C20057705D /* LaunchScreen.storyboard */,
				0171D14A23E727C20057705D /* Info.plist */,
				01C63F3423EE595C00E078B8 /* icons8-goal-64.png */,
				0171D14423E727C20057705D /* Preview Content */,
				013CA0A923FF61A5007B3F6F /* Buttons */,
			);
			path = PinkLadyDarts;
			sourceTree = "<group>";
		};
		0171D14423E727C20057705D /* Preview Content */ = {
			isa = PBXGroup;
			children = (
				0171D14523E727C20057705D /* Preview Assets.xcassets */,
			);
			path = "Preview Content";
			sourceTree = "<group>";
		};
		019584F42405F9BD00D5B43E /* Views */ = {
			isa = PBXGroup;
			children = (
				019584F52405F9EF00D5B43E /* View Parts */,
				0171D14023E727C00057705D /* ContentView.swift */,
				013CA0AC23FF6DA9007B3F6F /* X01GameTypeSelectionView.swift */,
				01D0080023EF87B8000B6F4D /* X01GameView.swift */,
				01D856582447D633007C2E01 /* X01GameViewModel.swift */,
				01FB3EC72405EE3900AB89C7 /* MainView.swift */,
			);
			path = Views;
			sourceTree = "<group>";
		};
		019584F52405F9EF00D5B43E /* View Parts */ = {
			isa = PBXGroup;
			children = (
				01D8565A2447DB01007C2E01 /* PlayerScoreView.swift */,
				01D8565C2447DB33007C2E01 /* X01ScoreBoardView.swift */,
			);
			path = "View Parts";
			sourceTree = "<group>";
		};
		6D4D93532410946600BEB0AE /* API */ = {
			isa = PBXGroup;
			children = (
				6D1F4E0524089F0C00EECDEF /* Users.swift */,
				6D1F4E0724089F1300EECDEF /* DartThrow.swift */,
				6D1F4E0924089F1900EECDEF /* HTTP_API.swift */,
			);
			path = API;
			sourceTree = "<group>";
		};
/* End PBXGroup section */

/* Begin PBXNativeTarget section */
		0171D13823E727C00057705D /* PinkLadyDarts */ = {
			isa = PBXNativeTarget;
			buildConfigurationList = 0171D14D23E727C20057705D /* Build configuration list for PBXNativeTarget "PinkLadyDarts" */;
			buildPhases = (
				0171D13523E727C00057705D /* Sources */,
				0171D13623E727C00057705D /* Frameworks */,
				0171D13723E727C00057705D /* Resources */,
			);
			buildRules = (
			);
			dependencies = (
			);
			name = PinkLadyDarts;
			packageProductDependencies = (
			);
			productName = PinkLadyDarts;
			productReference = 0171D13923E727C00057705D /* PinkLadyDarts.app */;
			productType = "com.apple.product-type.application";
		};
/* End PBXNativeTarget section */

/* Begin PBXProject section */
		0171D13123E727C00057705D /* Project object */ = {
			isa = PBXProject;
			attributes = {
				LastSwiftUpdateCheck = 1130;
				LastUpgradeCheck = 1130;
				ORGANIZATIONNAME = "Nick Clason";
				TargetAttributes = {
					0171D13823E727C00057705D = {
						CreatedOnToolsVersion = 11.3.1;
					};
				};
			};
			buildConfigurationList = 0171D13423E727C00057705D /* Build configuration list for PBXProject "PinkLadyDarts" */;
			compatibilityVersion = "Xcode 9.3";
			developmentRegion = en;
			hasScannedForEncodings = 0;
			knownRegions = (
				en,
				Base,
			);
			mainGroup = 0171D13023E727C00057705D;
			packageReferences = (
			);
			productRefGroup = 0171D13A23E727C00057705D /* Products */;
			projectDirPath = "";
			projectRoot = "";
			targets = (
				0171D13823E727C00057705D /* PinkLadyDarts */,
			);
		};
/* End PBXProject section */

/* Begin PBXResourcesBuildPhase section */
		0171D13723E727C00057705D /* Resources */ = {
			isa = PBXResourcesBuildPhase;
			buildActionMask = 2147483647;
			files = (
				01C63F3523EE595C00E078B8 /* icons8-goal-64.png in Resources */,
				0171D14923E727C20057705D /* LaunchScreen.storyboard in Resources */,
				0171D14623E727C20057705D /* Preview Assets.xcassets in Resources */,
				0171D14323E727C20057705D /* Assets.xcassets in Resources */,
			);
			runOnlyForDeploymentPostprocessing = 0;
		};
/* End PBXResourcesBuildPhase section */

/* Begin PBXSourcesBuildPhase section */
		0171D13523E727C00057705D /* Sources */ = {
			isa = PBXSourcesBuildPhase;
			buildActionMask = 2147483647;
			files = (
				01D0080123EF87B8000B6F4D /* X01GameView.swift in Sources */,
				01C67BEF23EF3C1F007D8111 /* ButtonGrid.swift in Sources */,
				01D8565B2447DB01007C2E01 /* PlayerScoreView.swift in Sources */,
				0171D13D23E727C00057705D /* AppDelegate.swift in Sources */,
				01D856592447D633007C2E01 /* X01GameViewModel.swift in Sources */,
				013CA0AD23FF6DA9007B3F6F /* X01GameTypeSelectionView.swift in Sources */,
				01C67BED23EF3BB9007D8111 /* ButtonView.swift in Sources */,
				6D1F4E0624089F0C00EECDEF /* Users.swift in Sources */,
				0171D13F23E727C00057705D /* SceneDelegate.swift in Sources */,
				0171D14123E727C00057705D /* ContentView.swift in Sources */,
				6D1F4E0A24089F1900EECDEF /* HTTP_API.swift in Sources */,
				01D8565D2447DB33007C2E01 /* X01ScoreBoardView.swift in Sources */,
				01FB3EC82405EE3900AB89C7 /* MainView.swift in Sources */,
				015E0F1E241711F6009A288C /* SimpleButtonView.swift in Sources */,
				6D1F4E0824089F1400EECDEF /* DartThrow.swift in Sources */,
			);
			runOnlyForDeploymentPostprocessing = 0;
		};
/* End PBXSourcesBuildPhase section */

/* Begin PBXVariantGroup section */
		0171D14723E727C20057705D /* LaunchScreen.storyboard */ = {
			isa = PBXVariantGroup;
			children = (
				0171D14823E727C20057705D /* Base */,
			);
			name = LaunchScreen.storyboard;
			sourceTree = "<group>";
		};
/* End PBXVariantGroup section */

/* Begin XCBuildConfiguration section */
		0171D14B23E727C20057705D /* Debug */ = {
			isa = XCBuildConfiguration;
			buildSettings = {
				ALWAYS_SEARCH_USER_PATHS = NO;
				CLANG_ANALYZER_NONNULL = YES;
				CLANG_ANALYZER_NUMBER_OBJECT_CONVERSION = YES_AGGRESSIVE;
				CLANG_CXX_LANGUAGE_STANDARD = "gnu++14";
				CLANG_CXX_LIBRARY = "libc++";
				CLANG_ENABLE_MODULES = YES;
				CLANG_ENABLE_OBJC_ARC = YES;
				CLANG_ENABLE_OBJC_WEAK = YES;
				CLANG_WARN_BLOCK_CAPTURE_AUTORELEASING = YES;
				CLANG_WARN_BOOL_CONVERSION = YES;
				CLANG_WARN_COMMA = YES;
				CLANG_WARN_CONSTANT_CONVERSION = YES;
				CLANG_WARN_DEPRECATED_OBJC_IMPLEMENTATIONS = YES;
				CLANG_WARN_DIRECT_OBJC_ISA_USAGE = YES_ERROR;
				CLANG_WARN_DOCUMENTATION_COMMENTS = YES;
				CLANG_WARN_EMPTY_BODY = YES;
				CLANG_WARN_ENUM_CONVERSION = YES;
				CLANG_WARN_INFINITE_RECURSION = YES;
				CLANG_WARN_INT_CONVERSION = YES;
				CLANG_WARN_NON_LITERAL_NULL_CONVERSION = YES;
				CLANG_WARN_OBJC_IMPLICIT_RETAIN_SELF = YES;
				CLANG_WARN_OBJC_LITERAL_CONVERSION = YES;
				CLANG_WARN_OBJC_ROOT_CLASS = YES_ERROR;
				CLANG_WARN_RANGE_LOOP_ANALYSIS = YES;
				CLANG_WARN_STRICT_PROTOTYPES = YES;
				CLANG_WARN_SUSPICIOUS_MOVE = YES;
				CLANG_WARN_UNGUARDED_AVAILABILITY = YES_AGGRESSIVE;
				CLANG_WARN_UNREACHABLE_CODE = YES;
				CLANG_WARN__DUPLICATE_METHOD_MATCH = YES;
				COPY_PHASE_STRIP = NO;
				DEBUG_INFORMATION_FORMAT = dwarf;
				ENABLE_STRICT_OBJC_MSGSEND = YES;
				ENABLE_TESTABILITY = YES;
				GCC_C_LANGUAGE_STANDARD = gnu11;
				GCC_DYNAMIC_NO_PIC = NO;
				GCC_NO_COMMON_BLOCKS = YES;
				GCC_OPTIMIZATION_LEVEL = 0;
				GCC_PREPROCESSOR_DEFINITIONS = (
					"DEBUG=1",
					"$(inherited)",
				);
				GCC_WARN_64_TO_32_BIT_CONVERSION = YES;
				GCC_WARN_ABOUT_RETURN_TYPE = YES_ERROR;
				GCC_WARN_UNDECLARED_SELECTOR = YES;
				GCC_WARN_UNINITIALIZED_AUTOS = YES_AGGRESSIVE;
				GCC_WARN_UNUSED_FUNCTION = YES;
				GCC_WARN_UNUSED_VARIABLE = YES;
				IPHONEOS_DEPLOYMENT_TARGET = 13.2;
				MTL_ENABLE_DEBUG_INFO = INCLUDE_SOURCE;
				MTL_FAST_MATH = YES;
				ONLY_ACTIVE_ARCH = YES;
				SDKROOT = iphoneos;
				SWIFT_ACTIVE_COMPILATION_CONDITIONS = DEBUG;
				SWIFT_OPTIMIZATION_LEVEL = "-Onone";
			};
			name = Debug;
		};
		0171D14C23E727C20057705D /* Release */ = {
			isa = XCBuildConfiguration;
			buildSettings = {
				ALWAYS_SEARCH_USER_PATHS = NO;
				CLANG_ANALYZER_NONNULL = YES;
				CLANG_ANALYZER_NUMBER_OBJECT_CONVERSION = YES_AGGRESSIVE;
				CLANG_CXX_LANGUAGE_STANDARD = "gnu++14";
				CLANG_CXX_LIBRARY = "libc++";
				CLANG_ENABLE_MODULES = YES;
				CLANG_ENABLE_OBJC_ARC = YES;
				CLANG_ENABLE_OBJC_WEAK = YES;
				CLANG_WARN_BLOCK_CAPTURE_AUTORELEASING = YES;
				CLANG_WARN_BOOL_CONVERSION = YES;
				CLANG_WARN_COMMA = YES;
				CLANG_WARN_CONSTANT_CONVERSION = YES;
				CLANG_WARN_DEPRECATED_OBJC_IMPLEMENTATIONS = YES;
				CLANG_WARN_DIRECT_OBJC_ISA_USAGE = YES_ERROR;
				CLANG_WARN_DOCUMENTATION_COMMENTS = YES;
				CLANG_WARN_EMPTY_BODY = YES;
				CLANG_WARN_ENUM_CONVERSION = YES;
				CLANG_WARN_INFINITE_RECURSION = YES;
				CLANG_WARN_INT_CONVERSION = YES;
				CLANG_WARN_NON_LITERAL_NULL_CONVERSION = YES;
				CLANG_WARN_OBJC_IMPLICIT_RETAIN_SELF = YES;
				CLANG_WARN_OBJC_LITERAL_CONVERSION = YES;
				CLANG_WARN_OBJC_ROOT_CLASS = YES_ERROR;
				CLANG_WARN_RANGE_LOOP_ANALYSIS = YES;
				CLANG_WARN_STRICT_PROTOTYPES = YES;
				CLANG_WARN_SUSPICIOUS_MOVE = YES;
				CLANG_WARN_UNGUARDED_AVAILABILITY = YES_AGGRESSIVE;
				CLANG_WARN_UNREACHABLE_CODE = YES;
				CLANG_WARN__DUPLICATE_METHOD_MATCH = YES;
				COPY_PHASE_STRIP = NO;
				DEBUG_INFORMATION_FORMAT = "dwarf-with-dsym";
				ENABLE_NS_ASSERTIONS = NO;
				ENABLE_STRICT_OBJC_MSGSEND = YES;
				GCC_C_LANGUAGE_STANDARD = gnu11;
				GCC_NO_COMMON_BLOCKS = YES;
				GCC_WARN_64_TO_32_BIT_CONVERSION = YES;
				GCC_WARN_ABOUT_RETURN_TYPE = YES_ERROR;
				GCC_WARN_UNDECLARED_SELECTOR = YES;
				GCC_WARN_UNINITIALIZED_AUTOS = YES_AGGRESSIVE;
				GCC_WARN_UNUSED_FUNCTION = YES;
				GCC_WARN_UNUSED_VARIABLE = YES;
				IPHONEOS_DEPLOYMENT_TARGET = 13.2;
				MTL_ENABLE_DEBUG_INFO = NO;
				MTL_FAST_MATH = YES;
				SDKROOT = iphoneos;
				SWIFT_COMPILATION_MODE = wholemodule;
				SWIFT_OPTIMIZATION_LEVEL = "-O";
				VALIDATE_PRODUCT = YES;
			};
			name = Release;
		};
		0171D14E23E727C20057705D /* Debug */ = {
			isa = XCBuildConfiguration;
			buildSettings = {
				ASSETCATALOG_COMPILER_APPICON_NAME = AppIcon;
				CODE_SIGN_STYLE = Automatic;
				DEVELOPMENT_ASSET_PATHS = "\"PinkLadyDarts/Preview Content\"";
				DEVELOPMENT_TEAM = 8XZBGZ4TU2;
				ENABLE_PREVIEWS = YES;
				INFOPLIST_FILE = PinkLadyDarts/Info.plist;
				LD_RUNPATH_SEARCH_PATHS = (
					"$(inherited)",
					"@executable_path/Frameworks",
				);
				PRODUCT_BUNDLE_IDENTIFIER = nickclason.PinkLadyDarts;
				PRODUCT_NAME = "$(TARGET_NAME)";
				SWIFT_VERSION = 5.0;
				TARGETED_DEVICE_FAMILY = "1,2";
			};
			name = Debug;
		};
		0171D14F23E727C20057705D /* Release */ = {
			isa = XCBuildConfiguration;
			buildSettings = {
				ASSETCATALOG_COMPILER_APPICON_NAME = AppIcon;
				CODE_SIGN_STYLE = Automatic;
				DEVELOPMENT_ASSET_PATHS = "\"PinkLadyDarts/Preview Content\"";
				DEVELOPMENT_TEAM = 8XZBGZ4TU2;
				ENABLE_PREVIEWS = YES;
				INFOPLIST_FILE = PinkLadyDarts/Info.plist;
				LD_RUNPATH_SEARCH_PATHS = (
					"$(inherited)",
					"@executable_path/Frameworks",
				);
				PRODUCT_BUNDLE_IDENTIFIER = nickclason.PinkLadyDarts;
				PRODUCT_NAME = "$(TARGET_NAME)";
				SWIFT_VERSION = 5.0;
				TARGETED_DEVICE_FAMILY = "1,2";
			};
			name = Release;
		};
/* End XCBuildConfiguration section */

/* Begin XCConfigurationList section */
		0171D13423E727C00057705D /* Build configuration list for PBXProject "PinkLadyDarts" */ = {
			isa = XCConfigurationList;
			buildConfigurations = (
				0171D14B23E727C20057705D /* Debug */,
				0171D14C23E727C20057705D /* Release */,
			);
			defaultConfigurationIsVisible = 0;
			defaultConfigurationName = Release;
		};
		0171D14D23E727C20057705D /* Build configuration list for PBXNativeTarget "PinkLadyDarts" */ = {
			isa = XCConfigurationList;
			buildConfigurations = (
				0171D14E23E727C20057705D /* Debug */,
				0171D14F23E727C20057705D /* Release */,
			);
			defaultConfigurationIsVisible = 0;
			defaultConfigurationName = Release;
		};
/* End XCConfigurationList section */
	};
	rootObject = 0171D13123E727C00057705D /* Project object */;
}
